
Microsoft Visual Studio Solution File, Format Version 12.00
# Visual Studio Version 17
VisualStudioVersion = 17.5.33414.496
MinimumVisualStudioVersion = 10.0.40219.1
Project("{9A19103F-16F7-4668-BE54-9A1E7A4F7556}") = "OpenWeatherMap.Web", "OpenWeatherMap.Web\OpenWeatherMap.Web.csproj", "{8F623569-210B-4A98-88F2-B862FD9EC53D}"
EndProject
Project("{FAE04EC0-301F-11D3-BF4B-00C04F79EFBC}") = "OpenWeatherMap.Web.Tests", "OpenWeatherMap.Web.Tests\OpenWeatherMap.Web.Tests.csproj", "{BE3E4A67-8179-4647-9DE2-842F2FB54BA2}"
EndProject
Global
	GlobalSection(SolutionConfigurationPlatforms) = preSolution
		Debug|Any CPU = Debug|Any CPU
		Release|Any CPU = Release|Any CPU
	EndGlobalSection
	GlobalSection(ProjectConfigurationPlatforms) = postSolution
		{8F623569-210B-4A98-88F2-B862FD9EC53D}.Debug|Any CPU.ActiveCfg = Debug|Any CPU
		{8F623569-210B-4A98-88F2-B862FD9EC53D}.Debug|Any CPU.Build.0 = Debug|Any CPU
		{8F623569-210B-4A98-88F2-B862FD9EC53D}.Release|Any CPU.ActiveCfg = Release|Any CPU
		{8F623569-210B-4A98-88F2-B862FD9EC53D}.Release|Any CPU.Build.0 = Release|Any CPU
		{BE3E4A67-8179-4647-9DE2-842F2FB54BA2}.Debug|Any CPU.ActiveCfg = Debug|Any CPU
		{BE3E4A67-8179-4647-9DE2-842F2FB54BA2}.Debug|Any CPU.Build.0 = Debug|Any CPU
		{BE3E4A67-8179-4647-9DE2-842F2FB54BA2}.Release|Any CPU.ActiveCfg = Release|Any CPU
		{BE3E4A67-8179-4647-9DE2-842F2FB54BA2}.Release|Any CPU.Build.0 = Release|Any CPU
	EndGlobalSection
	GlobalSection(SolutionProperties) = preSolution
		HideSolutionNode = FALSE
	EndGlobalSection
	GlobalSection(ExtensibilityGlobals) = postSolution
		SolutionGuid = {DE91A1B5-DC91-4079-98B0-B6952EA0C364}
	EndGlobalSection
EndGlobal
